
Microsoft Visual Studio Solution File, Format Version 12.00
# Visual Studio Version 16
VisualStudioVersion = 16.0.29709.97
MinimumVisualStudioVersion = 10.0.40219.1
Project("{FAE04EC0-301F-11D3-BF4B-00C04F79EFBC}") = "Writer", "Writer\Writer.csproj", "{B73FF7B2-46BF-41C3-A54B-EE5C523F14F1}"
EndProject
Global
	GlobalSection(SolutionConfigurationPlatforms) = preSolution
		Debug|Any CPU = Debug|Any CPU
		Release|Any CPU = Release|Any CPU
	EndGlobalSection
	GlobalSection(ProjectConfigurationPlatforms) = postSolution
		{B73FF7B2-46BF-41C3-A54B-EE5C523F14F1}.Debug|Any CPU.ActiveCfg = Debug|Any CPU
		{B73FF7B2-46BF-41C3-A54B-EE5C523F14F1}.Debug|Any CPU.Build.0 = Debug|Any CPU
		{B73FF7B2-46BF-41C3-A54B-EE5C523F14F1}.Release|Any CPU.ActiveCfg = Release|Any CPU
		{B73FF7B2-46BF-41C3-A54B-EE5C523F14F1}.Release|Any CPU.Build.0 = Release|Any CPU
	EndGlobalSection
	GlobalSection(SolutionProperties) = preSolution
		HideSolutionNode = FALSE
	EndGlobalSection
	GlobalSection(ExtensibilityGlobals) = postSolution
		SolutionGuid = {6CCE7FAF-0BF8-476B-9647-688C8956C5A6}
	EndGlobalSection
EndGlobal
